
Microsoft Visual Studio Solution File, Format Version 12.00
# Visual Studio Version 17
VisualStudioVersion = 17.11.35219.272
MinimumVisualStudioVersion = 10.0.40219.1
Project("{FAE04EC0-301F-11D3-BF4B-00C04F79EFBC}") = "Guia_04_new", "Guia_04_new\Guia_04_new.csproj", "{F979B141-58C2-41AC-A6ED-850C45CAD0CA}"
EndProject
Global
	GlobalSection(SolutionConfigurationPlatforms) = preSolution
		Debug|Any CPU = Debug|Any CPU
		Release|Any CPU = Release|Any CPU
	EndGlobalSection
	GlobalSection(ProjectConfigurationPlatforms) = postSolution
		{F979B141-58C2-41AC-A6ED-850C45CAD0CA}.Debug|Any CPU.ActiveCfg = Debug|Any CPU
		{F979B141-58C2-41AC-A6ED-850C45CAD0CA}.Debug|Any CPU.Build.0 = Debug|Any CPU
		{F979B141-58C2-41AC-A6ED-850C45CAD0CA}.Release|Any CPU.ActiveCfg = Release|Any CPU
		{F979B141-58C2-41AC-A6ED-850C45CAD0CA}.Release|Any CPU.Build.0 = Release|Any CPU
	EndGlobalSection
	GlobalSection(SolutionProperties) = preSolution
		HideSolutionNode = FALSE
	EndGlobalSection
	GlobalSection(ExtensibilityGlobals) = postSolution
		SolutionGuid = {3F37950B-B318-4101-A86E-9B1260DC7201}
	EndGlobalSection
EndGlobal
