
Microsoft Visual Studio Solution File, Format Version 12.00
# Visual Studio Version 17
VisualStudioVersion = 17.11.35303.130
MinimumVisualStudioVersion = 10.0.40219.1
Project("{FAE04EC0-301F-11D3-BF4B-00C04F79EFBC}") = "Parte3", "Parte3\Parte3.csproj", "{7FE0E629-1460-44F2-BC07-DEE4C480C51B}"
EndProject
Global
	GlobalSection(SolutionConfigurationPlatforms) = preSolution
		Debug|Any CPU = Debug|Any CPU
		Release|Any CPU = Release|Any CPU
	EndGlobalSection
	GlobalSection(ProjectConfigurationPlatforms) = postSolution
		{7FE0E629-1460-44F2-BC07-DEE4C480C51B}.Debug|Any CPU.ActiveCfg = Debug|Any CPU
		{7FE0E629-1460-44F2-BC07-DEE4C480C51B}.Debug|Any CPU.Build.0 = Debug|Any CPU
		{7FE0E629-1460-44F2-BC07-DEE4C480C51B}.Release|Any CPU.ActiveCfg = Release|Any CPU
		{7FE0E629-1460-44F2-BC07-DEE4C480C51B}.Release|Any CPU.Build.0 = Release|Any CPU
	EndGlobalSection
	GlobalSection(SolutionProperties) = preSolution
		HideSolutionNode = FALSE
	EndGlobalSection
	GlobalSection(ExtensibilityGlobals) = postSolution
		SolutionGuid = {CCF3CF0A-785D-46F0-AC00-00E2C3235840}
	EndGlobalSection
EndGlobal
