
Microsoft Visual Studio Solution File, Format Version 12.00
# Visual Studio Version 17
VisualStudioVersion = 17.10.35013.160
MinimumVisualStudioVersion = 10.0.40219.1
Project("{FAE04EC0-301F-11D3-BF4B-00C04F79EFBC}") = "com 3", "com 3\com 3.csproj", "{880AFFE8-A576-4868-A68A-814653ACE890}"
EndProject
Global
	GlobalSection(SolutionConfigurationPlatforms) = preSolution
		Debug|Any CPU = Debug|Any CPU
		Release|Any CPU = Release|Any CPU
	EndGlobalSection
	GlobalSection(ProjectConfigurationPlatforms) = postSolution
		{880AFFE8-A576-4868-A68A-814653ACE890}.Debug|Any CPU.ActiveCfg = Debug|Any CPU
		{880AFFE8-A576-4868-A68A-814653ACE890}.Debug|Any CPU.Build.0 = Debug|Any CPU
		{880AFFE8-A576-4868-A68A-814653ACE890}.Release|Any CPU.ActiveCfg = Release|Any CPU
		{880AFFE8-A576-4868-A68A-814653ACE890}.Release|Any CPU.Build.0 = Release|Any CPU
	EndGlobalSection
	GlobalSection(SolutionProperties) = preSolution
		HideSolutionNode = FALSE
	EndGlobalSection
	GlobalSection(ExtensibilityGlobals) = postSolution
		SolutionGuid = {A0970B88-A822-4298-AB08-F2D7E638187A}
	EndGlobalSection
EndGlobal
