
Microsoft Visual Studio Solution File, Format Version 12.00
# Visual Studio Version 17
VisualStudioVersion = 17.11.35312.102
MinimumVisualStudioVersion = 10.0.40219.1
Project("{FAE04EC0-301F-11D3-BF4B-00C04F79EFBC}") = "SitioWeb9_FP240479", "SitioWeb9_FP240479\SitioWeb9_FP240479.csproj", "{03154D0F-22ED-4FCE-AF98-5E119B841DA2}"
EndProject
Global
	GlobalSection(SolutionConfigurationPlatforms) = preSolution
		Debug|Any CPU = Debug|Any CPU
		Release|Any CPU = Release|Any CPU
	EndGlobalSection
	GlobalSection(ProjectConfigurationPlatforms) = postSolution
		{03154D0F-22ED-4FCE-AF98-5E119B841DA2}.Debug|Any CPU.ActiveCfg = Debug|Any CPU
		{03154D0F-22ED-4FCE-AF98-5E119B841DA2}.Debug|Any CPU.Build.0 = Debug|Any CPU
		{03154D0F-22ED-4FCE-AF98-5E119B841DA2}.Release|Any CPU.ActiveCfg = Release|Any CPU
		{03154D0F-22ED-4FCE-AF98-5E119B841DA2}.Release|Any CPU.Build.0 = Release|Any CPU
	EndGlobalSection
	GlobalSection(SolutionProperties) = preSolution
		HideSolutionNode = FALSE
	EndGlobalSection
	GlobalSection(ExtensibilityGlobals) = postSolution
		SolutionGuid = {4B6456D3-9980-4FDE-9C96-C6FA074307A3}
	EndGlobalSection
EndGlobal
