
Microsoft Visual Studio Solution File, Format Version 12.00
# Visual Studio Version 17
VisualStudioVersion = 17.10.35013.160
MinimumVisualStudioVersion = 10.0.40219.1
Project("{FAE04EC0-301F-11D3-BF4B-00C04F79EFBC}") = "Complementario_01", "Complementario_01.csproj", "{DB3A6B55-CFD2-47AF-8144-BBF7382045BA}"
EndProject
Project("{FAE04EC0-301F-11D3-BF4B-00C04F79EFBC}") = "Complementario_02", "..\Complementario_02\Complementario_02.csproj", "{C456BB2B-265E-478F-B849-7B220F25D9FC}"
EndProject
Project("{FAE04EC0-301F-11D3-BF4B-00C04F79EFBC}") = "Complementario_03", "..\Complementario_03\Complementario_03.csproj", "{00A3897D-9037-4F1C-8240-ADAEB761E7A7}"
EndProject
Global
	GlobalSection(SolutionConfigurationPlatforms) = preSolution
		Debug|Any CPU = Debug|Any CPU
		Release|Any CPU = Release|Any CPU
	EndGlobalSection
	GlobalSection(ProjectConfigurationPlatforms) = postSolution
		{DB3A6B55-CFD2-47AF-8144-BBF7382045BA}.Debug|Any CPU.ActiveCfg = Debug|Any CPU
		{DB3A6B55-CFD2-47AF-8144-BBF7382045BA}.Debug|Any CPU.Build.0 = Debug|Any CPU
		{DB3A6B55-CFD2-47AF-8144-BBF7382045BA}.Release|Any CPU.ActiveCfg = Release|Any CPU
		{DB3A6B55-CFD2-47AF-8144-BBF7382045BA}.Release|Any CPU.Build.0 = Release|Any CPU
		{C456BB2B-265E-478F-B849-7B220F25D9FC}.Debug|Any CPU.ActiveCfg = Debug|Any CPU
		{C456BB2B-265E-478F-B849-7B220F25D9FC}.Debug|Any CPU.Build.0 = Debug|Any CPU
		{C456BB2B-265E-478F-B849-7B220F25D9FC}.Release|Any CPU.ActiveCfg = Release|Any CPU
		{C456BB2B-265E-478F-B849-7B220F25D9FC}.Release|Any CPU.Build.0 = Release|Any CPU
		{00A3897D-9037-4F1C-8240-ADAEB761E7A7}.Debug|Any CPU.ActiveCfg = Debug|Any CPU
		{00A3897D-9037-4F1C-8240-ADAEB761E7A7}.Debug|Any CPU.Build.0 = Debug|Any CPU
		{00A3897D-9037-4F1C-8240-ADAEB761E7A7}.Release|Any CPU.ActiveCfg = Release|Any CPU
		{00A3897D-9037-4F1C-8240-ADAEB761E7A7}.Release|Any CPU.Build.0 = Release|Any CPU
	EndGlobalSection
	GlobalSection(SolutionProperties) = preSolution
		HideSolutionNode = FALSE
	EndGlobalSection
	GlobalSection(ExtensibilityGlobals) = postSolution
		SolutionGuid = {1722E0AF-2895-45D2-9EE2-B423F91FBCE4}
	EndGlobalSection
EndGlobal
