
Microsoft Visual Studio Solution File, Format Version 12.00
# Visual Studio Version 17
VisualStudioVersion = 17.10.35013.160
MinimumVisualStudioVersion = 10.0.40219.1
Project("{FAE04EC0-301F-11D3-BF4B-00C04F79EFBC}") = "Ejercicio_02", "Ejercicio_02\Ejercicio_02.csproj", "{D9394958-092D-4126-9A48-BA56EF2316F9}"
EndProject
Project("{FAE04EC0-301F-11D3-BF4B-00C04F79EFBC}") = "Ejercicio_03", "Ejercicio_03\Ejercicio_03.csproj", "{F6B9A884-4E5E-4DCF-9B81-AAA128F91F0F}"
EndProject
Project("{FAE04EC0-301F-11D3-BF4B-00C04F79EFBC}") = "Ejercicio_01", "Ejercicio_01\Ejercicio_01.csproj", "{DF73F937-D49A-4475-B46E-545E427BCA2B}"
EndProject
Project("{FAE04EC0-301F-11D3-BF4B-00C04F79EFBC}") = "Ejercicio_04", "Ejercicio_04\Ejercicio_04.csproj", "{1042B00F-7760-4041-87B7-AABCF49C9FD3}"
EndProject
Global
	GlobalSection(SolutionConfigurationPlatforms) = preSolution
		Debug|Any CPU = Debug|Any CPU
		Release|Any CPU = Release|Any CPU
	EndGlobalSection
	GlobalSection(ProjectConfigurationPlatforms) = postSolution
		{D9394958-092D-4126-9A48-BA56EF2316F9}.Debug|Any CPU.ActiveCfg = Debug|Any CPU
		{D9394958-092D-4126-9A48-BA56EF2316F9}.Debug|Any CPU.Build.0 = Debug|Any CPU
		{D9394958-092D-4126-9A48-BA56EF2316F9}.Release|Any CPU.ActiveCfg = Release|Any CPU
		{D9394958-092D-4126-9A48-BA56EF2316F9}.Release|Any CPU.Build.0 = Release|Any CPU
		{F6B9A884-4E5E-4DCF-9B81-AAA128F91F0F}.Debug|Any CPU.ActiveCfg = Debug|Any CPU
		{F6B9A884-4E5E-4DCF-9B81-AAA128F91F0F}.Debug|Any CPU.Build.0 = Debug|Any CPU
		{F6B9A884-4E5E-4DCF-9B81-AAA128F91F0F}.Release|Any CPU.ActiveCfg = Release|Any CPU
		{F6B9A884-4E5E-4DCF-9B81-AAA128F91F0F}.Release|Any CPU.Build.0 = Release|Any CPU
		{DF73F937-D49A-4475-B46E-545E427BCA2B}.Debug|Any CPU.ActiveCfg = Debug|Any CPU
		{DF73F937-D49A-4475-B46E-545E427BCA2B}.Debug|Any CPU.Build.0 = Debug|Any CPU
		{DF73F937-D49A-4475-B46E-545E427BCA2B}.Release|Any CPU.ActiveCfg = Release|Any CPU
		{DF73F937-D49A-4475-B46E-545E427BCA2B}.Release|Any CPU.Build.0 = Release|Any CPU
		{1042B00F-7760-4041-87B7-AABCF49C9FD3}.Debug|Any CPU.ActiveCfg = Debug|Any CPU
		{1042B00F-7760-4041-87B7-AABCF49C9FD3}.Debug|Any CPU.Build.0 = Debug|Any CPU
		{1042B00F-7760-4041-87B7-AABCF49C9FD3}.Release|Any CPU.ActiveCfg = Release|Any CPU
		{1042B00F-7760-4041-87B7-AABCF49C9FD3}.Release|Any CPU.Build.0 = Release|Any CPU
	EndGlobalSection
	GlobalSection(SolutionProperties) = preSolution
		HideSolutionNode = FALSE
	EndGlobalSection
	GlobalSection(ExtensibilityGlobals) = postSolution
		SolutionGuid = {FA1B9918-21FA-4E01-A526-B5F2F7BB3879}
	EndGlobalSection
EndGlobal
