
Microsoft Visual Studio Solution File, Format Version 12.00
# Visual Studio 15
VisualStudioVersion = 15.0.33801.198
MinimumVisualStudioVersion = 10.0.40219.1
Project("{FAE04EC0-301F-11D3-BF4B-00C04F79EFBC}") = "Ejemplo2", "Ejemplo2\Ejemplo2.csproj", "{30768E13-162A-43B1-B254-047DF58F1E27}"
EndProject
Global
	GlobalSection(SolutionConfigurationPlatforms) = preSolution
		Debug|Any CPU = Debug|Any CPU
		Release|Any CPU = Release|Any CPU
	EndGlobalSection
	GlobalSection(ProjectConfigurationPlatforms) = postSolution
		{30768E13-162A-43B1-B254-047DF58F1E27}.Debug|Any CPU.ActiveCfg = Debug|Any CPU
		{30768E13-162A-43B1-B254-047DF58F1E27}.Debug|Any CPU.Build.0 = Debug|Any CPU
		{30768E13-162A-43B1-B254-047DF58F1E27}.Release|Any CPU.ActiveCfg = Release|Any CPU
		{30768E13-162A-43B1-B254-047DF58F1E27}.Release|Any CPU.Build.0 = Release|Any CPU
	EndGlobalSection
	GlobalSection(SolutionProperties) = preSolution
		HideSolutionNode = FALSE
	EndGlobalSection
	GlobalSection(ExtensibilityGlobals) = postSolution
		SolutionGuid = {646AE6A9-DABB-4FDA-A2F2-5B81DD751E4C}
	EndGlobalSection
EndGlobal
