
Microsoft Visual Studio Solution File, Format Version 12.00
# Visual Studio Version 17
VisualStudioVersion = 17.10.35013.160
MinimumVisualStudioVersion = 10.0.40219.1
Project("{9A19103F-16F7-4668-BE54-9A1E7A4F7556}") = "Practica-1", "Practica-1\Practica-1.csproj", "{BD39A719-F255-4813-B683-E84D4B615974}"
EndProject
Global
	GlobalSection(SolutionConfigurationPlatforms) = preSolution
		Debug|Any CPU = Debug|Any CPU
		Release|Any CPU = Release|Any CPU
	EndGlobalSection
	GlobalSection(ProjectConfigurationPlatforms) = postSolution
		{BD39A719-F255-4813-B683-E84D4B615974}.Debug|Any CPU.ActiveCfg = Debug|Any CPU
		{BD39A719-F255-4813-B683-E84D4B615974}.Debug|Any CPU.Build.0 = Debug|Any CPU
		{BD39A719-F255-4813-B683-E84D4B615974}.Release|Any CPU.ActiveCfg = Release|Any CPU
		{BD39A719-F255-4813-B683-E84D4B615974}.Release|Any CPU.Build.0 = Release|Any CPU
	EndGlobalSection
	GlobalSection(SolutionProperties) = preSolution
		HideSolutionNode = FALSE
	EndGlobalSection
	GlobalSection(ExtensibilityGlobals) = postSolution
		SolutionGuid = {E4EE98D4-4F23-42AC-BC5E-A2D089357944}
	EndGlobalSection
EndGlobal
