
Microsoft Visual Studio Solution File, Format Version 12.00
# Visual Studio Version 17
VisualStudioVersion = 17.11.35219.272
MinimumVisualStudioVersion = 10.0.40219.1
Project("{FAE04EC0-301F-11D3-BF4B-00C04F79EFBC}") = "Complementario_Guia06", "Complementario_Guia06\Complementario_Guia06.csproj", "{6597842F-DFCB-46CE-9702-92D79F4AB9B8}"
EndProject
Global
	GlobalSection(SolutionConfigurationPlatforms) = preSolution
		Debug|Any CPU = Debug|Any CPU
		Release|Any CPU = Release|Any CPU
	EndGlobalSection
	GlobalSection(ProjectConfigurationPlatforms) = postSolution
		{6597842F-DFCB-46CE-9702-92D79F4AB9B8}.Debug|Any CPU.ActiveCfg = Debug|Any CPU
		{6597842F-DFCB-46CE-9702-92D79F4AB9B8}.Debug|Any CPU.Build.0 = Debug|Any CPU
		{6597842F-DFCB-46CE-9702-92D79F4AB9B8}.Release|Any CPU.ActiveCfg = Release|Any CPU
		{6597842F-DFCB-46CE-9702-92D79F4AB9B8}.Release|Any CPU.Build.0 = Release|Any CPU
	EndGlobalSection
	GlobalSection(SolutionProperties) = preSolution
		HideSolutionNode = FALSE
	EndGlobalSection
	GlobalSection(ExtensibilityGlobals) = postSolution
		SolutionGuid = {C7D6F8D3-F45A-4994-8EB2-BBA4968905E4}
	EndGlobalSection
EndGlobal
