
Microsoft Visual Studio Solution File, Format Version 12.00
# Visual Studio Version 17
VisualStudioVersion = 17.10.35013.160
MinimumVisualStudioVersion = 10.0.40219.1
Project("{FAE04EC0-301F-11D3-BF4B-00C04F79EFBC}") = "SitioWeb10_GM240279", "SitioWeb10_GM240279\SitioWeb10_GM240279.csproj", "{EEE7C2C4-D469-4803-80D9-DC9D2D04413B}"
EndProject
Global
	GlobalSection(SolutionConfigurationPlatforms) = preSolution
		Debug|Any CPU = Debug|Any CPU
		Release|Any CPU = Release|Any CPU
	EndGlobalSection
	GlobalSection(ProjectConfigurationPlatforms) = postSolution
		{EEE7C2C4-D469-4803-80D9-DC9D2D04413B}.Debug|Any CPU.ActiveCfg = Debug|Any CPU
		{EEE7C2C4-D469-4803-80D9-DC9D2D04413B}.Debug|Any CPU.Build.0 = Debug|Any CPU
		{EEE7C2C4-D469-4803-80D9-DC9D2D04413B}.Release|Any CPU.ActiveCfg = Release|Any CPU
		{EEE7C2C4-D469-4803-80D9-DC9D2D04413B}.Release|Any CPU.Build.0 = Release|Any CPU
	EndGlobalSection
	GlobalSection(SolutionProperties) = preSolution
		HideSolutionNode = FALSE
	EndGlobalSection
	GlobalSection(ExtensibilityGlobals) = postSolution
		SolutionGuid = {CD0558CB-DE0E-444A-809D-74524B6C3578}
	EndGlobalSection
EndGlobal
