
Microsoft Visual Studio Solution File, Format Version 12.00
# Visual Studio Version 17
VisualStudioVersion = 17.10.35013.160
MinimumVisualStudioVersion = 10.0.40219.1
Project("{FAE04EC0-301F-11D3-BF4B-00C04F79EFBC}") = "Complementario_01", "Complementario_01.csproj", "{613CC6B9-C8B8-4587-AF36-DCA4B9F62A49}"
EndProject
Project("{FAE04EC0-301F-11D3-BF4B-00C04F79EFBC}") = "Complementario_02", "..\Complementario_02\Complementario_02.csproj", "{7BC283DF-2073-4315-B445-7B893C9A94C7}"
EndProject
Project("{FAE04EC0-301F-11D3-BF4B-00C04F79EFBC}") = "Complementario_03", "..\Complementario_03\Complementario_03.csproj", "{6D0DF0D4-93BC-4E54-A5E5-F32BB1CC6A3A}"
EndProject
Global
	GlobalSection(SolutionConfigurationPlatforms) = preSolution
		Debug|Any CPU = Debug|Any CPU
		Release|Any CPU = Release|Any CPU
	EndGlobalSection
	GlobalSection(ProjectConfigurationPlatforms) = postSolution
		{613CC6B9-C8B8-4587-AF36-DCA4B9F62A49}.Debug|Any CPU.ActiveCfg = Debug|Any CPU
		{613CC6B9-C8B8-4587-AF36-DCA4B9F62A49}.Debug|Any CPU.Build.0 = Debug|Any CPU
		{613CC6B9-C8B8-4587-AF36-DCA4B9F62A49}.Release|Any CPU.ActiveCfg = Release|Any CPU
		{613CC6B9-C8B8-4587-AF36-DCA4B9F62A49}.Release|Any CPU.Build.0 = Release|Any CPU
		{7BC283DF-2073-4315-B445-7B893C9A94C7}.Debug|Any CPU.ActiveCfg = Debug|Any CPU
		{7BC283DF-2073-4315-B445-7B893C9A94C7}.Debug|Any CPU.Build.0 = Debug|Any CPU
		{7BC283DF-2073-4315-B445-7B893C9A94C7}.Release|Any CPU.ActiveCfg = Release|Any CPU
		{7BC283DF-2073-4315-B445-7B893C9A94C7}.Release|Any CPU.Build.0 = Release|Any CPU
		{6D0DF0D4-93BC-4E54-A5E5-F32BB1CC6A3A}.Debug|Any CPU.ActiveCfg = Debug|Any CPU
		{6D0DF0D4-93BC-4E54-A5E5-F32BB1CC6A3A}.Debug|Any CPU.Build.0 = Debug|Any CPU
		{6D0DF0D4-93BC-4E54-A5E5-F32BB1CC6A3A}.Release|Any CPU.ActiveCfg = Release|Any CPU
		{6D0DF0D4-93BC-4E54-A5E5-F32BB1CC6A3A}.Release|Any CPU.Build.0 = Release|Any CPU
	EndGlobalSection
	GlobalSection(SolutionProperties) = preSolution
		HideSolutionNode = FALSE
	EndGlobalSection
	GlobalSection(ExtensibilityGlobals) = postSolution
		SolutionGuid = {0C412005-2A99-4D98-88CA-B117F41DA95D}
	EndGlobalSection
EndGlobal
