
Microsoft Visual Studio Solution File, Format Version 12.00
# Visual Studio 15
VisualStudioVersion = 15.0.33801.198
MinimumVisualStudioVersion = 10.0.40219.1
Project("{FAE04EC0-301F-11D3-BF4B-00C04F79EFBC}") = "Ejemplo2", "Ejemplo2.csproj", "{B5AE212F-3F0B-4875-968C-31CED01D0936}"
EndProject
Global
	GlobalSection(SolutionConfigurationPlatforms) = preSolution
		Debug|Any CPU = Debug|Any CPU
		Release|Any CPU = Release|Any CPU
	EndGlobalSection
	GlobalSection(ProjectConfigurationPlatforms) = postSolution
		{B5AE212F-3F0B-4875-968C-31CED01D0936}.Debug|Any CPU.ActiveCfg = Debug|Any CPU
		{B5AE212F-3F0B-4875-968C-31CED01D0936}.Debug|Any CPU.Build.0 = Debug|Any CPU
		{B5AE212F-3F0B-4875-968C-31CED01D0936}.Release|Any CPU.ActiveCfg = Release|Any CPU
		{B5AE212F-3F0B-4875-968C-31CED01D0936}.Release|Any CPU.Build.0 = Release|Any CPU
	EndGlobalSection
	GlobalSection(SolutionProperties) = preSolution
		HideSolutionNode = FALSE
	EndGlobalSection
	GlobalSection(ExtensibilityGlobals) = postSolution
		SolutionGuid = {56267C1B-6198-4B8E-807B-076AA983E67C}
	EndGlobalSection
EndGlobal
