
Microsoft Visual Studio Solution File, Format Version 12.00
# Visual Studio 15
VisualStudioVersion = 15.0.33801.198
MinimumVisualStudioVersion = 10.0.40219.1
Project("{FAE04EC0-301F-11D3-BF4B-00C04F79EFBC}") = "Ejemplo1", "Ejemplo1\Ejemplo1.csproj", "{F2EDEA46-311A-47CB-9CB3-CF7D5E69AE1A}"
EndProject
Global
	GlobalSection(SolutionConfigurationPlatforms) = preSolution
		Debug|Any CPU = Debug|Any CPU
		Release|Any CPU = Release|Any CPU
	EndGlobalSection
	GlobalSection(ProjectConfigurationPlatforms) = postSolution
		{F2EDEA46-311A-47CB-9CB3-CF7D5E69AE1A}.Debug|Any CPU.ActiveCfg = Debug|Any CPU
		{F2EDEA46-311A-47CB-9CB3-CF7D5E69AE1A}.Debug|Any CPU.Build.0 = Debug|Any CPU
		{F2EDEA46-311A-47CB-9CB3-CF7D5E69AE1A}.Release|Any CPU.ActiveCfg = Release|Any CPU
		{F2EDEA46-311A-47CB-9CB3-CF7D5E69AE1A}.Release|Any CPU.Build.0 = Release|Any CPU
	EndGlobalSection
	GlobalSection(SolutionProperties) = preSolution
		HideSolutionNode = FALSE
	EndGlobalSection
	GlobalSection(ExtensibilityGlobals) = postSolution
		SolutionGuid = {B020E009-C024-4B33-9EBA-43C8C0F7BAF8}
	EndGlobalSection
EndGlobal
