
Microsoft Visual Studio Solution File, Format Version 12.00
# Visual Studio Version 17
VisualStudioVersion = 17.11.35303.130
MinimumVisualStudioVersion = 10.0.40219.1
Project("{FAE04EC0-301F-11D3-BF4B-00C04F79EFBC}") = "SitioWebdeFP240479_New", "SitioWebdeFP240479_New\SitioWebdeFP240479_New.csproj", "{8203A14C-46AC-4680-975D-1899D0C0067E}"
EndProject
Global
	GlobalSection(SolutionConfigurationPlatforms) = preSolution
		Debug|Any CPU = Debug|Any CPU
		Release|Any CPU = Release|Any CPU
	EndGlobalSection
	GlobalSection(ProjectConfigurationPlatforms) = postSolution
		{8203A14C-46AC-4680-975D-1899D0C0067E}.Debug|Any CPU.ActiveCfg = Debug|Any CPU
		{8203A14C-46AC-4680-975D-1899D0C0067E}.Debug|Any CPU.Build.0 = Debug|Any CPU
		{8203A14C-46AC-4680-975D-1899D0C0067E}.Release|Any CPU.ActiveCfg = Release|Any CPU
		{8203A14C-46AC-4680-975D-1899D0C0067E}.Release|Any CPU.Build.0 = Release|Any CPU
	EndGlobalSection
	GlobalSection(SolutionProperties) = preSolution
		HideSolutionNode = FALSE
	EndGlobalSection
	GlobalSection(ExtensibilityGlobals) = postSolution
		SolutionGuid = {31EC73CD-077E-44F3-A8DD-F0EC22D66C0D}
	EndGlobalSection
EndGlobal
