
Microsoft Visual Studio Solution File, Format Version 12.00
# Visual Studio Version 17
VisualStudioVersion = 17.10.35013.160
MinimumVisualStudioVersion = 10.0.40219.1
Project("{FAE04EC0-301F-11D3-BF4B-00C04F79EFBC}") = "Complemetario_01", "Complemetario_01.csproj", "{F07E92EC-8A78-4F48-A0CB-25293356E2AA}"
EndProject
Global
	GlobalSection(SolutionConfigurationPlatforms) = preSolution
		Debug|Any CPU = Debug|Any CPU
		Release|Any CPU = Release|Any CPU
	EndGlobalSection
	GlobalSection(ProjectConfigurationPlatforms) = postSolution
		{F07E92EC-8A78-4F48-A0CB-25293356E2AA}.Debug|Any CPU.ActiveCfg = Debug|Any CPU
		{F07E92EC-8A78-4F48-A0CB-25293356E2AA}.Debug|Any CPU.Build.0 = Debug|Any CPU
		{F07E92EC-8A78-4F48-A0CB-25293356E2AA}.Release|Any CPU.ActiveCfg = Release|Any CPU
		{F07E92EC-8A78-4F48-A0CB-25293356E2AA}.Release|Any CPU.Build.0 = Release|Any CPU
	EndGlobalSection
	GlobalSection(SolutionProperties) = preSolution
		HideSolutionNode = FALSE
	EndGlobalSection
	GlobalSection(ExtensibilityGlobals) = postSolution
		SolutionGuid = {E158C0C3-2720-4EC1-A7B3-622433359C0A}
	EndGlobalSection
EndGlobal
