
Microsoft Visual Studio Solution File, Format Version 12.00
# Visual Studio Version 17
VisualStudioVersion = 17.11.35312.102
MinimumVisualStudioVersion = 10.0.40219.1
Project("{FAE04EC0-301F-11D3-BF4B-00C04F79EFBC}") = "Parte 3", "Parte 3\Parte 3.csproj", "{EB294A36-C5E6-4995-83E4-5BCBAFFCA01A}"
EndProject
Global
	GlobalSection(SolutionConfigurationPlatforms) = preSolution
		Debug|Any CPU = Debug|Any CPU
		Release|Any CPU = Release|Any CPU
	EndGlobalSection
	GlobalSection(ProjectConfigurationPlatforms) = postSolution
		{EB294A36-C5E6-4995-83E4-5BCBAFFCA01A}.Debug|Any CPU.ActiveCfg = Debug|Any CPU
		{EB294A36-C5E6-4995-83E4-5BCBAFFCA01A}.Debug|Any CPU.Build.0 = Debug|Any CPU
		{EB294A36-C5E6-4995-83E4-5BCBAFFCA01A}.Release|Any CPU.ActiveCfg = Release|Any CPU
		{EB294A36-C5E6-4995-83E4-5BCBAFFCA01A}.Release|Any CPU.Build.0 = Release|Any CPU
	EndGlobalSection
	GlobalSection(SolutionProperties) = preSolution
		HideSolutionNode = FALSE
	EndGlobalSection
	GlobalSection(ExtensibilityGlobals) = postSolution
		SolutionGuid = {A78C146E-2B13-4ABC-A5B9-316C6C74C44E}
	EndGlobalSection
EndGlobal
