
Microsoft Visual Studio Solution File, Format Version 12.00
# Visual Studio Version 17
VisualStudioVersion = 17.11.35312.102
MinimumVisualStudioVersion = 10.0.40219.1
Project("{FAE04EC0-301F-11D3-BF4B-00C04F79EFBC}") = "Parte 3", "Parte 3\Parte 3.csproj", "{D57B63D6-59EC-44FA-8E57-00C21D9954D3}"
EndProject
Global
	GlobalSection(SolutionConfigurationPlatforms) = preSolution
		Debug|Any CPU = Debug|Any CPU
		Release|Any CPU = Release|Any CPU
	EndGlobalSection
	GlobalSection(ProjectConfigurationPlatforms) = postSolution
		{D57B63D6-59EC-44FA-8E57-00C21D9954D3}.Debug|Any CPU.ActiveCfg = Debug|Any CPU
		{D57B63D6-59EC-44FA-8E57-00C21D9954D3}.Debug|Any CPU.Build.0 = Debug|Any CPU
		{D57B63D6-59EC-44FA-8E57-00C21D9954D3}.Release|Any CPU.ActiveCfg = Release|Any CPU
		{D57B63D6-59EC-44FA-8E57-00C21D9954D3}.Release|Any CPU.Build.0 = Release|Any CPU
	EndGlobalSection
	GlobalSection(SolutionProperties) = preSolution
		HideSolutionNode = FALSE
	EndGlobalSection
	GlobalSection(ExtensibilityGlobals) = postSolution
		SolutionGuid = {28F5F503-994B-422B-AA5B-9452C8B9B356}
	EndGlobalSection
EndGlobal
