
Microsoft Visual Studio Solution File, Format Version 12.00
# Visual Studio Version 17
VisualStudioVersion = 17.10.35027.167
MinimumVisualStudioVersion = 10.0.40219.1
Project("{FAE04EC0-301F-11D3-BF4B-00C04F79EFBC}") = "Ejemplo2", "Ejemplo2\Ejemplo2.csproj", "{D084B0CF-7C60-47C1-B56B-A6AD6F49B118}"
EndProject
Global
	GlobalSection(SolutionConfigurationPlatforms) = preSolution
		Debug|Any CPU = Debug|Any CPU
		Release|Any CPU = Release|Any CPU
	EndGlobalSection
	GlobalSection(ProjectConfigurationPlatforms) = postSolution
		{D084B0CF-7C60-47C1-B56B-A6AD6F49B118}.Debug|Any CPU.ActiveCfg = Debug|Any CPU
		{D084B0CF-7C60-47C1-B56B-A6AD6F49B118}.Debug|Any CPU.Build.0 = Debug|Any CPU
		{D084B0CF-7C60-47C1-B56B-A6AD6F49B118}.Release|Any CPU.ActiveCfg = Release|Any CPU
		{D084B0CF-7C60-47C1-B56B-A6AD6F49B118}.Release|Any CPU.Build.0 = Release|Any CPU
	EndGlobalSection
	GlobalSection(SolutionProperties) = preSolution
		HideSolutionNode = FALSE
	EndGlobalSection
	GlobalSection(ExtensibilityGlobals) = postSolution
		SolutionGuid = {1F6C6BAB-C7FA-471F-A079-F44E7409D9E0}
	EndGlobalSection
EndGlobal
