
Microsoft Visual Studio Solution File, Format Version 12.00
# Visual Studio Version 17
VisualStudioVersion = 17.10.35013.160
MinimumVisualStudioVersion = 10.0.40219.1
Project("{FAE04EC0-301F-11D3-BF4B-00C04F79EFBC}") = "Complementario_01", "Complementario_01.csproj", "{A87B6AE1-B882-4777-809A-D66F278F359A}"
EndProject
Global
	GlobalSection(SolutionConfigurationPlatforms) = preSolution
		Debug|Any CPU = Debug|Any CPU
		Release|Any CPU = Release|Any CPU
	EndGlobalSection
	GlobalSection(ProjectConfigurationPlatforms) = postSolution
		{A87B6AE1-B882-4777-809A-D66F278F359A}.Debug|Any CPU.ActiveCfg = Debug|Any CPU
		{A87B6AE1-B882-4777-809A-D66F278F359A}.Debug|Any CPU.Build.0 = Debug|Any CPU
		{A87B6AE1-B882-4777-809A-D66F278F359A}.Release|Any CPU.ActiveCfg = Release|Any CPU
		{A87B6AE1-B882-4777-809A-D66F278F359A}.Release|Any CPU.Build.0 = Release|Any CPU
	EndGlobalSection
	GlobalSection(SolutionProperties) = preSolution
		HideSolutionNode = FALSE
	EndGlobalSection
	GlobalSection(ExtensibilityGlobals) = postSolution
		SolutionGuid = {7B4C669C-0375-4E49-82CE-CD7B3D765CDB}
	EndGlobalSection
EndGlobal
