
Microsoft Visual Studio Solution File, Format Version 12.00
# Visual Studio 15
VisualStudioVersion = 15.0.33801.198
MinimumVisualStudioVersion = 10.0.40219.1
Project("{FAE04EC0-301F-11D3-BF4B-00C04F79EFBC}") = "Ejemplo1", "Ejemplo1\Ejemplo1.csproj", "{EDF4C409-2A9E-4F4D-83B8-6A652A087260}"
EndProject
Global
	GlobalSection(SolutionConfigurationPlatforms) = preSolution
		Debug|Any CPU = Debug|Any CPU
		Release|Any CPU = Release|Any CPU
	EndGlobalSection
	GlobalSection(ProjectConfigurationPlatforms) = postSolution
		{EDF4C409-2A9E-4F4D-83B8-6A652A087260}.Debug|Any CPU.ActiveCfg = Debug|Any CPU
		{EDF4C409-2A9E-4F4D-83B8-6A652A087260}.Debug|Any CPU.Build.0 = Debug|Any CPU
		{EDF4C409-2A9E-4F4D-83B8-6A652A087260}.Release|Any CPU.ActiveCfg = Release|Any CPU
		{EDF4C409-2A9E-4F4D-83B8-6A652A087260}.Release|Any CPU.Build.0 = Release|Any CPU
	EndGlobalSection
	GlobalSection(SolutionProperties) = preSolution
		HideSolutionNode = FALSE
	EndGlobalSection
	GlobalSection(ExtensibilityGlobals) = postSolution
		SolutionGuid = {CF9D250B-10E1-4277-951A-22BB35C56005}
	EndGlobalSection
EndGlobal
