
Microsoft Visual Studio Solution File, Format Version 12.00
# Visual Studio Version 17
VisualStudioVersion = 17.10.35013.160
MinimumVisualStudioVersion = 10.0.40219.1
Project("{FAE04EC0-301F-11D3-BF4B-00C04F79EFBC}") = "Parte 2", "Parte 2\Parte 2.csproj", "{12980F01-2396-449A-8782-2AF4AC34A5BB}"
EndProject
Global
	GlobalSection(SolutionConfigurationPlatforms) = preSolution
		Debug|Any CPU = Debug|Any CPU
		Release|Any CPU = Release|Any CPU
	EndGlobalSection
	GlobalSection(ProjectConfigurationPlatforms) = postSolution
		{12980F01-2396-449A-8782-2AF4AC34A5BB}.Debug|Any CPU.ActiveCfg = Debug|Any CPU
		{12980F01-2396-449A-8782-2AF4AC34A5BB}.Debug|Any CPU.Build.0 = Debug|Any CPU
		{12980F01-2396-449A-8782-2AF4AC34A5BB}.Release|Any CPU.ActiveCfg = Release|Any CPU
		{12980F01-2396-449A-8782-2AF4AC34A5BB}.Release|Any CPU.Build.0 = Release|Any CPU
	EndGlobalSection
	GlobalSection(SolutionProperties) = preSolution
		HideSolutionNode = FALSE
	EndGlobalSection
	GlobalSection(ExtensibilityGlobals) = postSolution
		SolutionGuid = {8A6C39F3-0FBB-44BE-BD28-E2ED5C137257}
	EndGlobalSection
EndGlobal
