
Microsoft Visual Studio Solution File, Format Version 12.00
# Visual Studio Version 17
VisualStudioVersion = 17.11.35312.102
MinimumVisualStudioVersion = 10.0.40219.1
Project("{FAE04EC0-301F-11D3-BF4B-00C04F79EFBC}") = "wsAgenda", "wsAgenda\wsAgenda.csproj", "{05BDD136-86BF-4321-8AF5-94AF33726005}"
EndProject
Global
	GlobalSection(SolutionConfigurationPlatforms) = preSolution
		Debug|Any CPU = Debug|Any CPU
		Release|Any CPU = Release|Any CPU
	EndGlobalSection
	GlobalSection(ProjectConfigurationPlatforms) = postSolution
		{05BDD136-86BF-4321-8AF5-94AF33726005}.Debug|Any CPU.ActiveCfg = Debug|Any CPU
		{05BDD136-86BF-4321-8AF5-94AF33726005}.Debug|Any CPU.Build.0 = Debug|Any CPU
		{05BDD136-86BF-4321-8AF5-94AF33726005}.Release|Any CPU.ActiveCfg = Release|Any CPU
		{05BDD136-86BF-4321-8AF5-94AF33726005}.Release|Any CPU.Build.0 = Release|Any CPU
	EndGlobalSection
	GlobalSection(SolutionProperties) = preSolution
		HideSolutionNode = FALSE
	EndGlobalSection
	GlobalSection(ExtensibilityGlobals) = postSolution
		SolutionGuid = {51EB4468-EDB2-4896-9A90-0C65B8186A48}
	EndGlobalSection
EndGlobal
